
Microsoft Visual Studio Solution File, Format Version 12.00
Project("{FAE04EC0-301F-11D3-BF4B-00C04F79EFBC}") = "CampingLibrary", "CampingLibrary\CampingLibrary.csproj", "{4862F319-E32F-41C6-AE81-1B03480712BC}"
EndProject
Project("{FAE04EC0-301F-11D3-BF4B-00C04F79EFBC}") = "ConsoleUI", "ConsoleUI\ConsoleUI.csproj", "{C7AC37E3-5CAF-4ADE-95F1-FC35F457B07A}"
EndProject
Global
	GlobalSection(SolutionConfigurationPlatforms) = preSolution
		Debug|Any CPU = Debug|Any CPU
		Release|Any CPU = Release|Any CPU
	EndGlobalSection
	GlobalSection(ProjectConfigurationPlatforms) = postSolution
		{4862F319-E32F-41C6-AE81-1B03480712BC}.Debug|Any CPU.ActiveCfg = Debug|Any CPU
		{4862F319-E32F-41C6-AE81-1B03480712BC}.Debug|Any CPU.Build.0 = Debug|Any CPU
		{4862F319-E32F-41C6-AE81-1B03480712BC}.Release|Any CPU.ActiveCfg = Release|Any CPU
		{4862F319-E32F-41C6-AE81-1B03480712BC}.Release|Any CPU.Build.0 = Release|Any CPU
		{C7AC37E3-5CAF-4ADE-95F1-FC35F457B07A}.Debug|Any CPU.ActiveCfg = Debug|Any CPU
		{C7AC37E3-5CAF-4ADE-95F1-FC35F457B07A}.Debug|Any CPU.Build.0 = Debug|Any CPU
		{C7AC37E3-5CAF-4ADE-95F1-FC35F457B07A}.Release|Any CPU.ActiveCfg = Release|Any CPU
		{C7AC37E3-5CAF-4ADE-95F1-FC35F457B07A}.Release|Any CPU.Build.0 = Release|Any CPU
	EndGlobalSection
EndGlobal
